PODS:
  - KeychainAccess (3.1.0)
  - RZSpay (1.1.1):
    - KeychainAccess

DEPENDENCIES:
  - RZSpay (from `../`)

EXTERNAL SOURCES:
  RZSpay:
    :path: "../"

SPEC CHECKSUMS:
  KeychainAccess: 94c5540b32eabf7bc32bfb976a268e8ea05fd6da
  RZSpay: 99b12a37e4da73c7effe88e8e4529f81b4dbe6cc

PODFILE CHECKSUM: e289af19ed0c0ac74f57d9a80f470774aaf0e1df

COCOAPODS: 1.3.0.beta.1
